
Microsoft Visual Studio Solution File, Format Version 12.00
# Visual Studio Version 16
VisualStudioVersion = 16.0.32002.261
MinimumVisualStudioVersion = 10.0.40219.1
Project("{9A19103F-16F7-4668-BE54-9A1E7A4F7556}") = "Shopping.Client", "Shopping.Client\Shopping.Client.csproj", "{DCB4D0E7-85FE-4A9A-818A-2B99BF7EFE19}"
EndProject
Project("{FAE04EC0-301F-11D3-BF4B-00C04F79EFBC}") = "Shopping.API", "Shopping.API\Shopping.API.csproj", "{7BC5C082-CF3F-4996-81DB-56BF4B7E1531}"
EndProject
Global
	GlobalSection(SolutionConfigurationPlatforms) = preSolution
		Debug|Any CPU = Debug|Any CPU
		Release|Any CPU = Release|Any CPU
	EndGlobalSection
	GlobalSection(ProjectConfigurationPlatforms) = postSolution
		{DCB4D0E7-85FE-4A9A-818A-2B99BF7EFE19}.Debug|Any CPU.ActiveCfg = Debug|Any CPU
		{DCB4D0E7-85FE-4A9A-818A-2B99BF7EFE19}.Debug|Any CPU.Build.0 = Debug|Any CPU
		{DCB4D0E7-85FE-4A9A-818A-2B99BF7EFE19}.Release|Any CPU.ActiveCfg = Release|Any CPU
		{DCB4D0E7-85FE-4A9A-818A-2B99BF7EFE19}.Release|Any CPU.Build.0 = Release|Any CPU
		{7BC5C082-CF3F-4996-81DB-56BF4B7E1531}.Debug|Any CPU.ActiveCfg = Debug|Any CPU
		{7BC5C082-CF3F-4996-81DB-56BF4B7E1531}.Debug|Any CPU.Build.0 = Debug|Any CPU
		{7BC5C082-CF3F-4996-81DB-56BF4B7E1531}.Release|Any CPU.ActiveCfg = Release|Any CPU
		{7BC5C082-CF3F-4996-81DB-56BF4B7E1531}.Release|Any CPU.Build.0 = Release|Any CPU
	EndGlobalSection
	GlobalSection(SolutionProperties) = preSolution
		HideSolutionNode = FALSE
	EndGlobalSection
	GlobalSection(ExtensibilityGlobals) = postSolution
		SolutionGuid = {828EC456-172D-4375-A995-50F7CBF0BB57}
	EndGlobalSection
EndGlobal
